schema: '2.0'
stages:
  data_ingestion:
    cmd: python src/data/data_ingestion.py
    deps:
    - path: src/data/data_ingestion.py
      hash: md5
      md5: caaf549d488798bd2084e75336efb97f
      size: 4219
    params:
      params.yaml:
        data_ingestion.test_size: 0.31
    outs:
    - path: data/raw
      hash: md5
      md5: c99eadab1764993ff369bb9fdbf667ce.dir
      size: 6882906
      nfiles: 2
  data_preprocessing:
    cmd: python src/data/data_preprocessing.py
    deps:
    - path: data/raw/test.csv
      hash: md5
      md5: 3cf74881393dddbf6b4b162b0d495690
      size: 2092380
    - path: data/raw/train.csv
      hash: md5
      md5: f0c06150d793bdddef13f1cdadcaddc9
      size: 4790526
    - path: src/data/data_preprocessing.py
      hash: md5
      md5: 0caf3d4322a07e68476124fa3cd75e24
      size: 3747
    outs:
    - path: data/interim
      hash: md5
      md5: 4f87544e9f014b6e87991c777fef6b86.dir
      size: 5095933
      nfiles: 2
  model_building:
    cmd: python src/model/model_building.py
    deps:
    - path: data/interim/train_processed.csv
      hash: md5
      md5: 24b279d86522cdf9cf675aef2b448716
      size: 3545617
    - path: src/model/model_building.py
      hash: md5
      md5: 9a4cc00245a10b734ccedce855755f8c
      size: 5504
    params:
      params.yaml:
        model_building.learning_rate: 0.08
        model_building.max_depth: 20
        model_building.max_features: 10000
        model_building.n_estimators: 367
        model_building.ngram_range:
        - 1
        - 3
    outs:
    - path: lgbm_model.pkl
      hash: md5
      md5: 23dfb8812b81340382d7750538b2f5e2
      size: 4090395
    - path: tfidf_vectorizer.pkl
      hash: md5
      md5: a46f32e740d6502d6dd7fccf40140ac7
      size: 383852
  model_evaluation:
    cmd: python src/model/model_evaluation.py
    deps:
    - path: data/interim/test_processed.csv
      hash: md5
      md5: e9dd596c144b8c3b080bb81c84ff7006
      size: 1550316
    - path: data/interim/train_processed.csv
      hash: md5
      md5: 24b279d86522cdf9cf675aef2b448716
      size: 3545617
    - path: lgbm_model.pkl
      hash: md5
      md5: 23dfb8812b81340382d7750538b2f5e2
      size: 4090395
    - path: src/model/model_evaluation.py
      hash: md5
      md5: ef11d410dd16b856db63a437324f7ef1
      size: 6827
    - path: tfidf_vectorizer.pkl
      hash: md5
      md5: a46f32e740d6502d6dd7fccf40140ac7
      size: 383852
    outs:
    - path: experiment_info.json
      hash: md5
      md5: 63221ffca8639be42cb48e35005e3ec1
      size: 84
  model_registration:
    cmd: python src/model/register_model.py
    deps:
    - path: experiment_info.json
      hash: md5
      md5: 63221ffca8639be42cb48e35005e3ec1
      size: 84
    - path: src/model/register_model.py
      hash: md5
      md5: 39ead5312f98803cb5c86a1a40634699
      size: 2415
