schema: '2.0'
stages:
  data_ingestion:
    cmd: python src/data/data_ingestion.py
    deps:
    - path: src/data/data_ingestion.py
      hash: md5
      md5: e23f87e7ae0762c78f09dbb3f2c6c025
      size: 4332
    params:
      params.yaml:
        data_ingestion.test_size: 0.23
    outs:
    - path: data/raw
      hash: md5
      md5: 7ccfb0cfa4edd6cba1f9f5dc04f05c07.dir
      size: 6919701
      nfiles: 2
  data_preprocessing:
    cmd: python src/data/data_preprocessing.py
    deps:
    - path: data/raw/test.csv
      hash: md5
      md5: 437ef9077c15980193e8ca0ea9a60c45
      size: 1537276
    - path: data/raw/train.csv
      hash: md5
      md5: 3269fc591cf6e6c41a12f64a2cd91aae
      size: 5382425
    - path: src/data/data_preprocessing.py
      hash: md5
      md5: 72ab680d346fb2c6543130ac26f90dd4
      size: 3856
    outs:
    - path: data/interim
      hash: md5
      md5: 94077a9e6df80d5b1ed7a4645d33ffdb.dir
      size: 5134850
      nfiles: 2
  model_building:
    cmd: python src/model/model_building.py
    deps:
    - path: data/interim/train_processed.csv
      hash: md5
      md5: 9045e2f5d2e7b215294da161b3827adb
      size: 3994036
    - path: src/model/model_building.py
      hash: md5
      md5: 3df6d1ac6c6e22ff9f19df8dbe39bc65
      size: 5662
    params:
      params.yaml:
        model_building.learning_rate: 0.08
        model_building.max_depth: 20
        model_building.max_features: 10000
        model_building.n_estimators: 367
        model_building.ngram_range:
        - 1
        - 3
    outs:
    - path: lgbm_model.pkl
      hash: md5
      md5: aa5feb4ca71a3abc4c1d426d084fd100
      size: 4100393
    - path: tfidf_vectorizer.pkl
      hash: md5
      md5: ae18414d19e7221866826092baa56b90
      size: 18092254
  model_evaluation:
    cmd: python src/model/model_evaluation.py
    deps:
    - path: data/interim/test_processed.csv
      hash: md5
      md5: ccf7ce6717cee892fb2a5171c0f26eeb
      size: 1140814
    - path: data/interim/train_processed.csv
      hash: md5
      md5: 9045e2f5d2e7b215294da161b3827adb
      size: 3994036
    - path: lgbm_model.pkl
      hash: md5
      md5: aa5feb4ca71a3abc4c1d426d084fd100
      size: 4100393
    - path: src/model/model_evaluation.py
      hash: md5
      md5: faa81c8633d35088b8405cc0986d1d19
      size: 7025
    - path: tfidf_vectorizer.pkl
      hash: md5
      md5: ae18414d19e7221866826092baa56b90
      size: 18092254
    outs:
    - path: experiment_info.json
      hash: md5
      md5: 28f12e57fba5c9354743538a6e439afd
      size: 87
  model_registration:
    cmd: python src/model/register_model.py
    deps:
    - path: experiment_info.json
      hash: md5
      md5: 28f12e57fba5c9354743538a6e439afd
      size: 87
    - path: src/model/register_model.py
      hash: md5
      md5: d603fa115d294318e0a314022cdc1c3e
      size: 2491
