schema: '2.0'
stages:
  data_ingestion:
    cmd: python src/data/data_ingestion.py
    deps:
    - path: src/data/data_ingestion.py
      hash: md5
      md5: e23f87e7ae0762c78f09dbb3f2c6c025
      size: 4332
    params:
      params.yaml:
        data_ingestion.test_size: 0.28
    outs:
    - path: data/raw
      hash: md5
      md5: f081b7dd192511deaf586b1bdf0a4748.dir
      size: 6919701
      nfiles: 2
  data_preprocessing:
    cmd: python src/data/data_preprocessing.py
    deps:
    - path: data/raw/test.csv
      hash: md5
      md5: 39d78fffc325c8b7068059f80170a4d0
      size: 1892289
    - path: data/raw/train.csv
      hash: md5
      md5: 6cc66be7868b3d1d161acea30f34ce11
      size: 5027412
    - path: src/data/data_preprocessing.py
      hash: md5
      md5: 72ab680d346fb2c6543130ac26f90dd4
      size: 3856
    outs:
    - path: data/interim
      hash: md5
      md5: d0a8ac3ee9375c01299dd6fff05a4cd5.dir
      size: 5134850
      nfiles: 2
  model_building:
    cmd: python src/model/model_building.py
    deps:
    - path: data/interim/train_processed.csv
      hash: md5
      md5: bb6654b1418a14352fb427f87aaa1134
      size: 3729952
    - path: src/model/model_building.py
      hash: md5
      md5: 3df6d1ac6c6e22ff9f19df8dbe39bc65
      size: 5662
    params:
      params.yaml:
        model_building.learning_rate: 0.08
        model_building.max_depth: 20
        model_building.max_features: 10000
        model_building.n_estimators: 367
        model_building.ngram_range:
        - 1
        - 3
    outs:
    - path: lgbm_model.pkl
      hash: md5
      md5: bfc71fab7bdced2cea8086fbcfd3f3cb
      size: 4096085
    - path: tfidf_vectorizer.pkl
      hash: md5
      md5: 99207d915c063479de59efcda5769c82
      size: 16985149
  model_evaluation:
    cmd: python src/model/model_evaluation.py
    deps:
    - path: data/interim/test_processed.csv
      hash: md5
      md5: 76fd2a37b25d79d16ddf9b051f08816c
      size: 1404898
    - path: data/interim/train_processed.csv
      hash: md5
      md5: bb6654b1418a14352fb427f87aaa1134
      size: 3729952
    - path: lgbm_model.pkl
      hash: md5
      md5: bfc71fab7bdced2cea8086fbcfd3f3cb
      size: 4096085
    - path: src/model/model_evaluation.py
      hash: md5
      md5: 97f5ae429cb3bea013713f4ce541388a
      size: 7323
    - path: tfidf_vectorizer.pkl
      hash: md5
      md5: 99207d915c063479de59efcda5769c82
      size: 16985149
    outs:
    - path: experiment_info.json
      hash: md5
      md5: 994f84ae5a2a70c5d876ab006025803c
      size: 87
  model_registration:
    cmd: python src/model/register_model.py
    deps:
    - path: experiment_info.json
      hash: md5
      md5: 994f84ae5a2a70c5d876ab006025803c
      size: 87
    - path: src/model/register_model.py
      hash: md5
      md5: d603fa115d294318e0a314022cdc1c3e
      size: 2491
